{
    "_readme": [
        "This file locks the dependencies of your project to a known state",
        "Read more about it at http://getcomposer.org/doc/01-basic-usage.md#composer-lock-the-lock-file"
    ],
    "hash": "eb94ce452299c5c26e37be38f1f84625",
    "packages": [
        {
            "name": "bootstrap/v2",
            "version": "0.1",
            "dist": {
                "type": "zip",
                "url": "https://github.com/joomla-distro/bootstrap-v2/archive/master.zip",
                "reference": null,
                "shasum": null
            },
            "require": {
                "joomla-distro/cms-distro-core": "*"
            },
            "type": "cms-media"
        },
        {
            "name": "bootstrap/v3",
            "version": "0.1",
            "dist": {
                "type": "zip",
                "url": "https://github.com/joomla-distro/bootstrap-v3/archive/master.zip",
                "reference": null,
                "shasum": null
            },
            "require": {
                "joomla-distro/cms-distro-core": "*"
            },
            "type": "cms-media"
        },
        {
            "name": "hautelook/phpass",
            "version": "dev-master",
            "source": {
                "type": "git",
                "url": "https://github.com/hautelook/phpass.git",
                "reference": "94845c6e7eecdc025e8b33dd272d03db06c87f2a"
            },
            "dist": {
                "type": "zip",
                "url": "https://api.github.com/repos/hautelook/phpass/zipball/94845c6e7eecdc025e8b33dd272d03db06c87f2a",
                "reference": "94845c6e7eecdc025e8b33dd272d03db06c87f2a",
                "shasum": ""
            },
            "require": {
                "php": ">=5.3.3"
            },
            "type": "library",
            "autoload": {
                "psr-0": {
                    "Hautelook": "src/"
                }
            },
            "notification-url": "https://packagist.org/downloads/",
            "license": [
                "Public Domain"
            ],
            "authors": [
                {
                    "name": "Solar Designer",
                    "email": "solar@openwall.com",
                    "homepage": "http://openwall.com/phpass/"
                }
            ],
            "description": "Portable PHP password hashing framework",
            "homepage": "http://github.com/hautelook/phpass/",
            "keywords": [
                "blowfish",
                "crypt",
                "password",
                "security"
            ],
            "time": "2013-05-01 13:59:26"
        },
        {
            "name": "joomla-distro/cms-administrator-application",
            "version": "0.1",
            "dist": {
                "type": "zip",
                "url": "https://github.com/joomla-distro/cms-administrator-application/archive/master.zip",
                "reference": null,
                "shasum": null
            },
            "require": {
                "joomla-distro/cms-distro-core": "*"
            },
            "type": "cms-application",
            "autoload": {
                "psr-0": {
                    "Administrator": "src"
                }
            }
        },
        {
            "name": "joomla-distro/cms-distro-core",
            "version": "0.1",
            "dist": {
                "type": "zip",
                "url": "https://github.com/joomla-distro/cms-distro-core/archive/master.zip",
                "reference": null,
                "shasum": null
            },
            "require": {
                "composer-plugin-api": "1.0.0"
            },
            "type": "composer-plugin",
            "extra": {
                "class": "Cms\\Composer\\Installer"
            },
            "autoload": {
                "psr-0": [
                    {
                        "Cms\\Composer": "src/"
                    }
                ]
            }
        },
        {
            "name": "joomla-distro/cms-installer-application",
            "version": "0.1",
            "dist": {
                "type": "zip",
                "url": "https://github.com/joomla-distro/cms-installer-application/archive/master.zip",
                "reference": null,
                "shasum": null
            },
            "require": {
                "bootstrap/v2": "*",
                "joomla-distro/cms-distro-core": "*",
                "joomla-distro/media-installer": "*",
                "joomla/jui": "*",
                "jquery/core": "*"
            },
            "type": "cms-application",
            "autoload": {
                "psr-0": {
                    "Installer": "src"
                }
            }
        },
        {
            "name": "joomla-distro/cms-lite-template",
            "version": "0.1",
            "dist": {
                "type": "zip",
                "url": "https://github.com/joomla-distro/cms-lite-template/archive/master.zip",
                "reference": null,
                "shasum": null
            },
            "require": {
                "bootstrap/v3": "*",
                "joomla-distro/cms-distro-core": "*"
            },
            "type": "cms-template"
        },
        {
            "name": "joomla-distro/cms-users",
            "version": "0.1",
            "dist": {
                "type": "zip",
                "url": "https://github.com/joomla-distro/cms-users/archive/master.zip",
                "reference": null,
                "shasum": null
            },
            "require": {
                "joomla-distro/cms-distro-core": "*"
            },
            "type": "cms-component",
            "autoload": {
                "psr-0": {
                    "Component": "src"
                }
            }
        },
        {
            "name": "joomla-distro/media-installer",
            "version": "0.1",
            "dist": {
                "type": "zip",
                "url": "https://github.com/joomla-distro/media-installer/archive/master.zip",
                "reference": null,
                "shasum": null
            },
            "require": {
                "joomla-distro/cms-distro-core": "*"
            },
            "type": "cms-media"
        },
        {
            "name": "joomla/framework",
            "version": "1.0",
            "source": {
                "type": "git",
                "url": "https://github.com/joomla/joomla-framework.git",
                "reference": "3db74e6f9bbf151c0e73425887921cb239ad1e0e"
            },
            "dist": {
                "type": "zip",
                "url": "https://api.github.com/repos/joomla/joomla-framework/zipball/3db74e6f9bbf151c0e73425887921cb239ad1e0e",
                "reference": "3db74e6f9bbf151c0e73425887921cb239ad1e0e",
                "shasum": ""
            },
            "require": {
                "php": ">=5.3.10",
                "psr/log": "~1.0"
            },
            "replace": {
                "joomla/application": "self.version",
                "joomla/archive": "self.version",
                "joomla/cache": "self.version",
                "joomla/compat": "self.version",
                "joomla/controller": "self.version",
                "joomla/crypt": "self.version",
                "joomla/data": "self.version",
                "joomla/database": "self.version",
                "joomla/date": "self.version",
                "joomla/facebook": "self.version",
                "joomla/filesystem": "self.version",
                "joomla/filter": "self.version",
                "joomla/form": "self.version",
                "joomla/github": "self.version",
                "joomla/google": "self.version",
                "joomla/http": "self.version",
                "joomla/image": "self.version",
                "joomla/input": "self.version",
                "joomla/keychain": "self.version",
                "joomla/language": "self.version",
                "joomla/linkedin": "self.version",
                "joomla/log": "self.version",
                "joomla/model": "self.version",
                "joomla/oauth1": "self.version",
                "joomla/oauth2": "self.version",
                "joomla/profiler": "self.version",
                "joomla/registry": "self.version",
                "joomla/router": "self.version",
                "joomla/session": "self.version",
                "joomla/string": "self.version",
                "joomla/test": "self.version",
                "joomla/twitter": "self.version",
                "joomla/uri": "self.version",
                "joomla/utilities": "self.version",
                "joomla/view": "self.version"
            },
            "require-dev": {
                "symfony/yaml": "~2.0"
            },
            "suggest": {
                "symfony/yaml": "Install symfony/yaml 2.* if you require YAML support."
            },
            "type": "library",
            "autoload": {
                "psr-0": {
                    "Joomla": "src/",
                    "Psr": "vendor/psr/cache"
                },
                "classmap": [
                    "src/Joomla/Compat/JsonSerializable.php"
                ],
                "files": [
                    "src/Joomla/PHP/methods.php"
                ]
            },
            "notification-url": "https://packagist.org/downloads/",
            "license": [
                "GPL-2.0+"
            ],
            "description": "The Joomla Framework is a platform for writing Web and command line applications in PHP.",
            "homepage": "https://github.com/joomla/joomla-framework",
            "keywords": [
                "framework",
                "joomla"
            ],
            "time": "2013-12-01 00:38:39"
        },
        {
            "name": "joomla/jui",
            "version": "0.1",
            "dist": {
                "type": "zip",
                "url": "https://github.com/joomla-distro/joomla-jui/archive/master.zip",
                "reference": null,
                "shasum": null
            },
            "require": {
                "joomla-distro/cms-distro-core": "*"
            },
            "type": "cms-media"
        },
        {
            "name": "jquery/core",
            "version": "0.1",
            "dist": {
                "type": "zip",
                "url": "https://github.com/joomla-distro/jquery-core/archive/master.zip",
                "reference": null,
                "shasum": null
            },
            "require": {
                "joomla-distro/cms-distro-core": "*"
            },
            "type": "cms-media"
        },
        {
            "name": "psr/log",
            "version": "1.0.0",
            "source": {
                "type": "git",
                "url": "https://github.com/php-fig/log.git",
                "reference": "fe0936ee26643249e916849d48e3a51d5f5e278b"
            },
            "dist": {
                "type": "zip",
                "url": "https://api.github.com/repos/php-fig/log/zipball/fe0936ee26643249e916849d48e3a51d5f5e278b",
                "reference": "fe0936ee26643249e916849d48e3a51d5f5e278b",
                "shasum": ""
            },
            "type": "library",
            "autoload": {
                "psr-0": {
                    "Psr\\Log\\": ""
                }
            },
            "notification-url": "https://packagist.org/downloads/",
            "license": [
                "MIT"
            ],
            "authors": [
                {
                    "name": "PHP-FIG",
                    "homepage": "http://www.php-fig.org/"
                }
            ],
            "description": "Common interface for logging libraries",
            "keywords": [
                "log",
                "psr",
                "psr-3"
            ],
            "time": "2012-12-21 11:40:51"
        }
    ],
    "packages-dev": [

    ],
    "aliases": [

    ],
    "minimum-stability": "stable",
    "stability-flags": {
        "joomla/framework": 0,
        "hautelook/phpass": 20
    },
    "platform": [

    ],
    "platform-dev": [

    ]
}
